
Microsoft Visual Studio Solution File, Format Version 11.00
# Visual Studio 2010
Project("{FAE04EC0-301F-11D3-BF4B-00C04F79EFBC}") = "Assembly-CSharp", "Assembly-CSharp.csproj", "{1b5274b4-5071-509f-a6b8-f2e32a05fae6}"
EndProject
Project("{FAE04EC0-301F-11D3-BF4B-00C04F79EFBC}") = "Assembly-CSharp-Editor", "Assembly-CSharp-Editor.csproj", "{b3f776eb-90c4-e7c2-a1ae-8d83d04d0ed2}"
EndProject
Global
	GlobalSection(SolutionConfigurationPlatforms) = preSolution
		Debug|Any CPU = Debug|Any CPU
	EndGlobalSection
	GlobalSection(ProjectConfigurationPlatforms) = postSolution
		{1b5274b4-5071-509f-a6b8-f2e32a05fae6}.Debug|Any CPU.ActiveCfg = Debug|Any CPU
		{1b5274b4-5071-509f-a6b8-f2e32a05fae6}.Debug|Any CPU.Build.0 = Debug|Any CPU
		{b3f776eb-90c4-e7c2-a1ae-8d83d04d0ed2}.Debug|Any CPU.ActiveCfg = Debug|Any CPU
		{b3f776eb-90c4-e7c2-a1ae-8d83d04d0ed2}.Debug|Any CPU.Build.0 = Debug|Any CPU
	EndGlobalSection
	GlobalSection(SolutionProperties) = preSolution
		HideSolutionNode = FALSE
	EndGlobalSection
EndGlobal
